
Microsoft Visual Studio Solution File, Format Version 12.00
# Visual Studio Version 17
VisualStudioVersion = 17.3.32922.545
MinimumVisualStudioVersion = 10.0.40219.1
Project("{FAE04EC0-301F-11D3-BF4B-00C04F79EFBC}") = "hw3_lbrarian_func", "hw3_lbrarian_func.csproj", "{35E7C3D3-1D89-48A2-B258-D0D22BEC11E6}"
EndProject
Global
	GlobalSection(SolutionConfigurationPlatforms) = preSolution
		Debug|Any CPU = Debug|Any CPU
		Release|Any CPU = Release|Any CPU
	EndGlobalSection
	GlobalSection(ProjectConfigurationPlatforms) = postSolution
		{35E7C3D3-1D89-48A2-B258-D0D22BEC11E6}.Debug|Any CPU.ActiveCfg = Debug|Any CPU
		{35E7C3D3-1D89-48A2-B258-D0D22BEC11E6}.Debug|Any CPU.Build.0 = Debug|Any CPU
		{35E7C3D3-1D89-48A2-B258-D0D22BEC11E6}.Release|Any CPU.ActiveCfg = Release|Any CPU
		{35E7C3D3-1D89-48A2-B258-D0D22BEC11E6}.Release|Any CPU.Build.0 = Release|Any CPU
	EndGlobalSection
	GlobalSection(SolutionProperties) = preSolution
		HideSolutionNode = FALSE
	EndGlobalSection
	GlobalSection(ExtensibilityGlobals) = postSolution
		SolutionGuid = {F844B21F-3DAE-44DB-9B43-F88F4CBD1F32}
	EndGlobalSection
EndGlobal
